
Microsoft Visual Studio Solution File, Format Version 12.00
# Visual Studio Version 17
VisualStudioVersion = 17.9.34616.47
MinimumVisualStudioVersion = 10.0.40219.1
Project("{FAE04EC0-301F-11D3-BF4B-00C04F79EFBC}") = "RestaurantOrdersManager.WebAPI", "RestaurantOrdersManager.WebAPI.csproj", "{8DABA125-7BB4-49AC-9E02-894FF4458696}"
EndProject
Project("{FAE04EC0-301F-11D3-BF4B-00C04F79EFBC}") = "RestaurantOrdersManager.Core", "..\RestaurantOrdersManager.Core\RestaurantOrdersManager.Core.csproj", "{23CB9AFF-0544-42FB-B358-3657B1FF0250}"
EndProject
Global
	GlobalSection(SolutionConfigurationPlatforms) = preSolution
		Debug|Any CPU = Debug|Any CPU
		Release|Any CPU = Release|Any CPU
	EndGlobalSection
	GlobalSection(ProjectConfigurationPlatforms) = postSolution
		{8DABA125-7BB4-49AC-9E02-894FF4458696}.Debug|Any CPU.ActiveCfg = Debug|Any CPU
		{8DABA125-7BB4-49AC-9E02-894FF4458696}.Debug|Any CPU.Build.0 = Debug|Any CPU
		{8DABA125-7BB4-49AC-9E02-894FF4458696}.Release|Any CPU.ActiveCfg = Release|Any CPU
		{8DABA125-7BB4-49AC-9E02-894FF4458696}.Release|Any CPU.Build.0 = Release|Any CPU
		{23CB9AFF-0544-42FB-B358-3657B1FF0250}.Debug|Any CPU.ActiveCfg = Debug|Any CPU
		{23CB9AFF-0544-42FB-B358-3657B1FF0250}.Debug|Any CPU.Build.0 = Debug|Any CPU
		{23CB9AFF-0544-42FB-B358-3657B1FF0250}.Release|Any CPU.ActiveCfg = Release|Any CPU
		{23CB9AFF-0544-42FB-B358-3657B1FF0250}.Release|Any CPU.Build.0 = Release|Any CPU
	EndGlobalSection
	GlobalSection(SolutionProperties) = preSolution
		HideSolutionNode = FALSE
	EndGlobalSection
	GlobalSection(ExtensibilityGlobals) = postSolution
		SolutionGuid = {E27835AA-C265-466A-8DB9-45F387DF1AD4}
	EndGlobalSection
EndGlobal
